
Microsoft Visual Studio Solution File, Format Version 12.00
Project("{FAE04EC0-301F-11D3-BF4B-00C04F79EFBC}") = "Homework.TelegramBot.ConsoleApp", "Homework.TelegramBot.ConsoleApp\Homework.TelegramBot.ConsoleApp.csproj", "{7F4FE0BE-D2A6-424C-951F-C68410FCCFBF}"
EndProject
Global
	GlobalSection(SolutionConfigurationPlatforms) = preSolution
		Debug|Any CPU = Debug|Any CPU
		Release|Any CPU = Release|Any CPU
	EndGlobalSection
	GlobalSection(ProjectConfigurationPlatforms) = postSolution
		{7F4FE0BE-D2A6-424C-951F-C68410FCCFBF}.Debug|Any CPU.ActiveCfg = Debug|Any CPU
		{7F4FE0BE-D2A6-424C-951F-C68410FCCFBF}.Debug|Any CPU.Build.0 = Debug|Any CPU
		{7F4FE0BE-D2A6-424C-951F-C68410FCCFBF}.Release|Any CPU.ActiveCfg = Release|Any CPU
		{7F4FE0BE-D2A6-424C-951F-C68410FCCFBF}.Release|Any CPU.Build.0 = Release|Any CPU
	EndGlobalSection
EndGlobal
